// !$*UTF8*$!
{
	archiveVersion = 1;
	classes = {
	};
	objectVersion = 50;
	objects = {

/* Begin PBXBuildFile section */
		F6BD0D6F265BD6A500AB56DC /* SwiftUIBuildingListsApp.swift in Sources */ = {isa = PBXBuildFile; fileRef = F6BD0D6E265BD6A500AB56DC /* SwiftUIBuildingListsApp.swift */; };
		F6BD0D71265BD6A500AB56DC /* BindWithList.swift in Sources */ = {isa = PBXBuildFile; fileRef = F6BD0D70265BD6A500AB56DC /* BindWithList.swift */; };
		F6BD0D73265BD6A700AB56DC /* Assets.xcassets in Resources */ = {isa = PBXBuildFile; fileRef = F6BD0D72265BD6A700AB56DC /* Assets.xcassets */; };
		F6BD0D76265BD6A700AB56DC /* Preview Assets.xcassets in Resources */ = {isa = PBXBuildFile; fileRef = F6BD0D75265BD6A700AB56DC /* Preview Assets.xcassets */; };
		F6BD0D7E265BD6F700AB56DC /* Person.swift in Sources */ = {isa = PBXBuildFile; fileRef = F6BD0D7D265BD6F700AB56DC /* Person.swift */; };
		F6BD0D80265BDE6400AB56DC /* EditPersonPopupView.swift in Sources */ = {isa = PBXBuildFile; fileRef = F6BD0D7F265BDE6400AB56DC /* EditPersonPopupView.swift */; };
/* End PBXBuildFile section */

/* Begin PBXFileReference section */
		F6BD0D6B265BD6A500AB56DC /* SwiftUIBuildingLists.app */ = {isa = PBXFileReference; explicitFileType = wrapper.application; includeInIndex = 0; path = SwiftUIBuildingLists.app; sourceTree = BUILT_PRODUCTS_DIR; };
		F6BD0D6E265BD6A500AB56DC /* SwiftUIBuildingListsApp.swift */ = {isa = PBXFileReference; lastKnownFileType = sourcecode.swift; path = SwiftUIBuildingListsApp.swift; sourceTree = "<group>"; };
		F6BD0D70265BD6A500AB56DC /* BindWithList.swift */ = {isa = PBXFileReference; lastKnownFileType = sourcecode.swift; path = BindWithList.swift; sourceTree = "<group>"; };
		F6BD0D72265BD6A700AB56DC /* Assets.xcassets */ = {isa = PBXFileReference; lastKnownFileType = folder.assetcatalog; path = Assets.xcassets; sourceTree = "<group>"; };
		F6BD0D75265BD6A700AB56DC /* Preview Assets.xcassets */ = {isa = PBXFileReference; lastKnownFileType = folder.assetcatalog; path = "Preview Assets.xcassets"; sourceTree = "<group>"; };
		F6BD0D77265BD6A700AB56DC /* Info.plist */ = {isa = PBXFileReference; lastKnownFileType = text.plist.xml; path = Info.plist; sourceTree = "<group>"; };
		F6BD0D7D265BD6F700AB56DC /* Person.swift */ = {isa = PBXFileReference; lastKnownFileType = sourcecode.swift; path = Person.swift; sourceTree = "<group>"; };
		F6BD0D7F265BDE6400AB56DC /* EditPersonPopupView.swift */ = {isa = PBXFileReference; lastKnownFileType = sourcecode.swift; path = EditPersonPopupView.swift; sourceTree = "<group>"; };
/* End PBXFileReference section */

/* Begin PBXFrameworksBuildPhase section */
		F6BD0D68265BD6A500AB56DC /* Frameworks */ = {
			isa = PBXFrameworksBuildPhase;
			buildActionMask = 2147483647;
			files = (
			);
			runOnlyForDeploymentPostprocessing = 0;
		};
/* End PBXFrameworksBuildPhase section */

/* Begin PBXGroup section */
		F6BD0D62265BD6A400AB56DC = {
			isa = PBXGroup;
			children = (
				F6BD0D6D265BD6A500AB56DC /* SwiftUIBuildingLists */,
				F6BD0D6C265BD6A500AB56DC /* Products */,
			);
			sourceTree = "<group>";
		};
		F6BD0D6C265BD6A500AB56DC /* Products */ = {
			isa = PBXGroup;
			children = (
				F6BD0D6B265BD6A500AB56DC /* SwiftUIBuildingLists.app */,
			);
			name = Products;
			sourceTree = "<group>";
		};
		F6BD0D6D265BD6A500AB56DC /* SwiftUIBuildingLists */ = {
			isa = PBXGroup;
			children = (
				F6BD0D6E265BD6A500AB56DC /* SwiftUIBuildingListsApp.swift */,
				F6BD0D70265BD6A500AB56DC /* BindWithList.swift */,
				F6BD0D72265BD6A700AB56DC /* Assets.xcassets */,
				F6BD0D77265BD6A700AB56DC /* Info.plist */,
				F6BD0D74265BD6A700AB56DC /* Preview Content */,
				F6BD0D7D265BD6F700AB56DC /* Person.swift */,
				F6BD0D7F265BDE6400AB56DC /* EditPersonPopupView.swift */,
			);
			path = SwiftUIBuildingLists;
			sourceTree = "<group>";
		};
		F6BD0D74265BD6A700AB56DC /* Preview Content */ = {
			isa = PBXGroup;
			children = (
				F6BD0D75265BD6A700AB56DC /* Preview Assets.xcassets */,
			);
			path = "Preview Content";
			sourceTree = "<group>";
		};
/* End PBXGroup section */

/* Begin PBXNativeTarget section */
		F6BD0D6A265BD6A500AB56DC /* SwiftUIBuildingLists */ = {
			isa = PBXNativeTarget;
			buildConfigurationList = F6BD0D7A265BD6A700AB56DC /* Build configuration list for PBXNativeTarget "SwiftUIBuildingLists" */;
			buildPhases = (
				F6BD0D67265BD6A500AB56DC /* Sources */,
				F6BD0D68265BD6A500AB56DC /* Frameworks */,
				F6BD0D69265BD6A500AB56DC /* Resources */,
			);
			buildRules = (
			);
			dependencies = (
			);
			name = SwiftUIBuildingLists;
			productName = SwiftUIBuildingLists;
			productReference = F6BD0D6B265BD6A500AB56DC /* SwiftUIBuildingLists.app */;
			productType = "com.apple.product-type.application";
		};
/* End PBXNativeTarget section */

/* Begin PBXProject section */
		F6BD0D63265BD6A500AB56DC /* Project object */ = {
			isa = PBXProject;
			attributes = {
				LastSwiftUpdateCheck = 1250;
				LastUpgradeCheck = 1250;
				TargetAttributes = {
					F6BD0D6A265BD6A500AB56DC = {
						CreatedOnToolsVersion = 12.5;
					};
				};
			};
			buildConfigurationList = F6BD0D66265BD6A500AB56DC /* Build configuration list for PBXProject "SwiftUIBuildingLists" */;
			compatibilityVersion = "Xcode 9.3";
			developmentRegion = en;
			hasScannedForEncodings = 0;
			knownRegions = (
				en,
				Base,
			);
			mainGroup = F6BD0D62265BD6A400AB56DC;
			productRefGroup = F6BD0D6C265BD6A500AB56DC /* Products */;
			projectDirPath = "";
			projectRoot = "";
			targets = (
				F6BD0D6A265BD6A500AB56DC /* SwiftUIBuildingLists */,
			);
		};
/* End PBXProject section */

/* Begin PBXResourcesBuildPhase section */
		F6BD0D69265BD6A500AB56DC /* Resources */ = {
			isa = PBXResourcesBuildPhase;
			buildActionMask = 2147483647;
			files = (
				F6BD0D76265BD6A700AB56DC /* Preview Assets.xcassets in Resources */,
				F6BD0D73265BD6A700AB56DC /* Assets.xcassets in Resources */,
			);
			runOnlyForDeploymentPostprocessing = 0;
		};
/* End PBXResourcesBuildPhase section */

/* Begin PBXSourcesBuildPhase section */
		F6BD0D67265BD6A500AB56DC /* Sources */ = {
			isa = PBXSourcesBuildPhase;
			buildActionMask = 2147483647;
			files = (
				F6BD0D80265BDE6400AB56DC /* EditPersonPopupView.swift in Sources */,
				F6BD0D7E265BD6F700AB56DC /* Person.swift in Sources */,
				F6BD0D71265BD6A500AB56DC /* BindWithList.swift in Sources */,
				F6BD0D6F265BD6A500AB56DC /* SwiftUIBuildingListsApp.swift in Sources */,
			);
			runOnlyForDeploymentPostprocessing = 0;
		};
/* End PBXSourcesBuildPhase section */

/* Begin XCBuildConfiguration section */
		F6BD0D78265BD6A700AB56DC /* Debug */ = {
			isa = XCBuildConfiguration;
			buildSettings = {
				ALWAYS_SEARCH_USER_PATHS = NO;
				CLANG_ANALYZER_NONNULL = YES;
				CLANG_ANALYZER_NUMBER_OBJECT_CONVERSION = YES_AGGRESSIVE;
				CLANG_CXX_LANGUAGE_STANDARD = "gnu++14";
				CLANG_CXX_LIBRARY = "libc++";
				CLANG_ENABLE_MODULES = YES;
				CLANG_ENABLE_OBJC_ARC = YES;
				CLANG_ENABLE_OBJC_WEAK = YES;
				CLANG_WARN_BLOCK_CAPTURE_AUTORELEASING = YES;
				CLANG_WARN_BOOL_CONVERSION = YES;
				CLANG_WARN_COMMA = YES;
				CLANG_WARN_CONSTANT_CONVERSION = YES;
				CLANG_WARN_DEPRECATED_OBJC_IMPLEMENTATIONS = YES;
				CLANG_WARN_DIRECT_OBJC_ISA_USAGE = YES_ERROR;
				CLANG_WARN_DOCUMENTATION_COMMENTS = YES;
				CLANG_WARN_EMPTY_BODY = YES;
				CLANG_WARN_ENUM_CONVERSION = YES;
				CLANG_WARN_INFINITE_RECURSION = YES;
				CLANG_WARN_INT_CONVERSION = YES;
				CLANG_WARN_NON_LITERAL_NULL_CONVERSION = YES;
				CLANG_WARN_OBJC_IMPLICIT_RETAIN_SELF = YES;
				CLANG_WARN_OBJC_LITERAL_CONVERSION = YES;
				CLANG_WARN_OBJC_ROOT_CLASS = YES_ERROR;
				CLANG_WARN_QUOTED_INCLUDE_IN_FRAMEWORK_HEADER = YES;
				CLANG_WARN_RANGE_LOOP_ANALYSIS = YES;
				CLANG_WARN_STRICT_PROTOTYPES = YES;
				CLANG_WARN_SUSPICIOUS_MOVE = YES;
				CLANG_WARN_UNGUARDED_AVAILABILITY = YES_AGGRESSIVE;
				CLANG_WARN_UNREACHABLE_CODE = YES;
				CLANG_WARN__DUPLICATE_METHOD_MATCH = YES;
				COPY_PHASE_STRIP = NO;
				DEBUG_INFORMATION_FORMAT = dwarf;
				ENABLE_STRICT_OBJC_MSGSEND = YES;
				ENABLE_TESTABILITY = YES;
				GCC_C_LANGUAGE_STANDARD = gnu11;
				GCC_DYNAMIC_NO_PIC = NO;
				GCC_NO_COMMON_BLOCKS = YES;
				GCC_OPTIMIZATION_LEVEL = 0;
				GCC_PREPROCESSOR_DEFINITIONS = (
					"DEBUG=1",
					"$(inherited)",
				);
				GCC_WARN_64_TO_32_BIT_CONVERSION = YES;
				GCC_WARN_ABOUT_RETURN_TYPE = YES_ERROR;
				GCC_WARN_UNDECLARED_SELECTOR = YES;
				GCC_WARN_UNINITIALIZED_AUTOS = YES_AGGRESSIVE;
				GCC_WARN_UNUSED_FUNCTION = YES;
				GCC_WARN_UNUSED_VARIABLE = YES;
				IPHONEOS_DEPLOYMENT_TARGET = 14.5;
				MTL_ENABLE_DEBUG_INFO = INCLUDE_SOURCE;
				MTL_FAST_MATH = YES;
				ONLY_ACTIVE_ARCH = YES;
				SDKROOT = iphoneos;
				SWIFT_ACTIVE_COMPILATION_CONDITIONS = DEBUG;
				SWIFT_OPTIMIZATION_LEVEL = "-Onone";
			};
			name = Debug;
		};
		F6BD0D79265BD6A700AB56DC /* Release */ = {
			isa = XCBuildConfiguration;
			buildSettings = {
				ALWAYS_SEARCH_USER_PATHS = NO;
				CLANG_ANALYZER_NONNULL = YES;
				CLANG_ANALYZER_NUMBER_OBJECT_CONVERSION = YES_AGGRESSIVE;
				CLANG_CXX_LANGUAGE_STANDARD = "gnu++14";
				CLANG_CXX_LIBRARY = "libc++";
				CLANG_ENABLE_MODULES = YES;
				CLANG_ENABLE_OBJC_ARC = YES;
				CLANG_ENABLE_OBJC_WEAK = YES;
				CLANG_WARN_BLOCK_CAPTURE_AUTORELEASING = YES;
				CLANG_WARN_BOOL_CONVERSION = YES;
				CLANG_WARN_COMMA = YES;
				CLANG_WARN_CONSTANT_CONVERSION = YES;
				CLANG_WARN_DEPRECATED_OBJC_IMPLEMENTATIONS = YES;
				CLANG_WARN_DIRECT_OBJC_ISA_USAGE = YES_ERROR;
				CLANG_WARN_DOCUMENTATION_COMMENTS = YES;
				CLANG_WARN_EMPTY_BODY = YES;
				CLANG_WARN_ENUM_CONVERSION = YES;
				CLANG_WARN_INFINITE_RECURSION = YES;
				CLANG_WARN_INT_CONVERSION = YES;
				CLANG_WARN_NON_LITERAL_NULL_CONVERSION = YES;
				CLANG_WARN_OBJC_IMPLICIT_RETAIN_SELF = YES;
				CLANG_WARN_OBJC_LITERAL_CONVERSION = YES;
				CLANG_WARN_OBJC_ROOT_CLASS = YES_ERROR;
				CLANG_WARN_QUOTED_INCLUDE_IN_FRAMEWORK_HEADER = YES;
				CLANG_WARN_RANGE_LOOP_ANALYSIS = YES;
				CLANG_WARN_STRICT_PROTOTYPES = YES;
				CLANG_WARN_SUSPICIOUS_MOVE = YES;
				CLANG_WARN_UNGUARDED_AVAILABILITY = YES_AGGRESSIVE;
				CLANG_WARN_UNREACHABLE_CODE = YES;
				CLANG_WARN__DUPLICATE_METHOD_MATCH = YES;
				COPY_PHASE_STRIP = NO;
				DEBUG_INFORMATION_FORMAT = "dwarf-with-dsym";
				ENABLE_NS_ASSERTIONS = NO;
				ENABLE_STRICT_OBJC_MSGSEND = YES;
				GCC_C_LANGUAGE_STANDARD = gnu11;
				GCC_NO_COMMON_BLOCKS = YES;
				GCC_WARN_64_TO_32_BIT_CONVERSION = YES;
				GCC_WARN_ABOUT_RETURN_TYPE = YES_ERROR;
				GCC_WARN_UNDECLARED_SELECTOR = YES;
				GCC_WARN_UNINITIALIZED_AUTOS = YES_AGGRESSIVE;
				GCC_WARN_UNUSED_FUNCTION = YES;
				GCC_WARN_UNUSED_VARIABLE = YES;
				IPHONEOS_DEPLOYMENT_TARGET = 14.5;
				MTL_ENABLE_DEBUG_INFO = NO;
				MTL_FAST_MATH = YES;
				SDKROOT = iphoneos;
				SWIFT_COMPILATION_MODE = wholemodule;
				SWIFT_OPTIMIZATION_LEVEL = "-O";
				VALIDATE_PRODUCT = YES;
			};
			name = Release;
		};
		F6BD0D7B265BD6A700AB56DC /* Debug */ = {
			isa = XCBuildConfiguration;
			buildSettings = {
				ASSETCATALOG_COMPILER_APPICON_NAME = AppIcon;
				ASSETCATALOG_COMPILER_GLOBAL_ACCENT_COLOR_NAME = AccentColor;
				CODE_SIGN_STYLE = Automatic;
				DEVELOPMENT_ASSET_PATHS = "\"SwiftUIBuildingLists/Preview Content\"";
				DEVELOPMENT_TEAM = 8LYTF5ZZWZ;
				ENABLE_PREVIEWS = YES;
				INFOPLIST_FILE = SwiftUIBuildingLists/Info.plist;
				IPHONEOS_DEPLOYMENT_TARGET = 14.0;
				LD_RUNPATH_SEARCH_PATHS = (
					"$(inherited)",
					"@executable_path/Frameworks",
				);
				PRODUCT_BUNDLE_IDENTIFIER = com.bhico.SwiftUIBuildingLists;
				PRODUCT_NAME = "$(TARGET_NAME)";
				SWIFT_VERSION = 5.0;
				TARGETED_DEVICE_FAMILY = "1,2";
			};
			name = Debug;
		};
		F6BD0D7C265BD6A700AB56DC /* Release */ = {
			isa = XCBuildConfiguration;
			buildSettings = {
				ASSETCATALOG_COMPILER_APPICON_NAME = AppIcon;
				ASSETCATALOG_COMPILER_GLOBAL_ACCENT_COLOR_NAME = AccentColor;
				CODE_SIGN_STYLE = Automatic;
				DEVELOPMENT_ASSET_PATHS = "\"SwiftUIBuildingLists/Preview Content\"";
				DEVELOPMENT_TEAM = 8LYTF5ZZWZ;
				ENABLE_PREVIEWS = YES;
				INFOPLIST_FILE = SwiftUIBuildingLists/Info.plist;
				IPHONEOS_DEPLOYMENT_TARGET = 14.0;
				LD_RUNPATH_SEARCH_PATHS = (
					"$(inherited)",
					"@executable_path/Frameworks",
				);
				PRODUCT_BUNDLE_IDENTIFIER = com.bhico.SwiftUIBuildingLists;
				PRODUCT_NAME = "$(TARGET_NAME)";
				SWIFT_VERSION = 5.0;
				TARGETED_DEVICE_FAMILY = "1,2";
			};
			name = Release;
		};
/* End XCBuildConfiguration section */

/* Begin XCConfigurationList section */
		F6BD0D66265BD6A500AB56DC /* Build configuration list for PBXProject "SwiftUIBuildingLists" */ = {
			isa = XCConfigurationList;
			buildConfigurations = (
				F6BD0D78265BD6A700AB56DC /* Debug */,
				F6BD0D79265BD6A700AB56DC /* Release */,
			);
			defaultConfigurationIsVisible = 0;
			defaultConfigurationName = Release;
		};
		F6BD0D7A265BD6A700AB56DC /* Build configuration list for PBXNativeTarget "SwiftUIBuildingLists" */ = {
			isa = XCConfigurationList;
			buildConfigurations = (
				F6BD0D7B265BD6A700AB56DC /* Debug */,
				F6BD0D7C265BD6A700AB56DC /* Release */,
			);
			defaultConfigurationIsVisible = 0;
			defaultConfigurationName = Release;
		};
/* End XCConfigurationList section */
	};
	rootObject = F6BD0D63265BD6A500AB56DC /* Project object */;
}
